
Microsoft Visual Studio Solution File, Format Version 12.00
# Visual Studio Version 17
VisualStudioVersion = 17.13.35806.99 d17.13
MinimumVisualStudioVersion = 10.0.40219.1
Project("{FAE04EC0-301F-11D3-BF4B-00C04F79EFBC}") = "ParkingLot.App", "ParkingLot.App\ParkingLot.App.csproj", "{7F86F6E7-C441-470F-A7D0-39DC35066CB2}"
EndProject
Project("{FAE04EC0-301F-11D3-BF4B-00C04F79EFBC}") = "ParkingLot.Test", "ParkingLot.Test\ParkingLot.Test.csproj", "{6B27B4CE-D6B7-468A-9065-7AE473ABD02B}"
EndProject
Global
	GlobalSection(SolutionConfigurationPlatforms) = preSolution
		Debug|Any CPU = Debug|Any CPU
		Release|Any CPU = Release|Any CPU
	EndGlobalSection
	GlobalSection(ProjectConfigurationPlatforms) = postSolution
		{7F86F6E7-C441-470F-A7D0-39DC35066CB2}.Debug|Any CPU.ActiveCfg = Debug|Any CPU
		{7F86F6E7-C441-470F-A7D0-39DC35066CB2}.Debug|Any CPU.Build.0 = Debug|Any CPU
		{7F86F6E7-C441-470F-A7D0-39DC35066CB2}.Release|Any CPU.ActiveCfg = Release|Any CPU
		{7F86F6E7-C441-470F-A7D0-39DC35066CB2}.Release|Any CPU.Build.0 = Release|Any CPU
		{6B27B4CE-D6B7-468A-9065-7AE473ABD02B}.Debug|Any CPU.ActiveCfg = Debug|Any CPU
		{6B27B4CE-D6B7-468A-9065-7AE473ABD02B}.Debug|Any CPU.Build.0 = Debug|Any CPU
		{6B27B4CE-D6B7-468A-9065-7AE473ABD02B}.Release|Any CPU.ActiveCfg = Release|Any CPU
		{6B27B4CE-D6B7-468A-9065-7AE473ABD02B}.Release|Any CPU.Build.0 = Release|Any CPU
	EndGlobalSection
	GlobalSection(SolutionProperties) = preSolution
		HideSolutionNode = FALSE
	EndGlobalSection
	GlobalSection(ExtensibilityGlobals) = postSolution
		SolutionGuid = {B9E29A1C-A7D6-4DCF-A433-49AC3087C876}
	EndGlobalSection
EndGlobal
